// !$*UTF8*$!
{
	archiveVersion = 1;
	classes = {
	};
	objectVersion = 50;
	objects = {

/* Begin PBXBuildFile section */
		A11CF60E2385BF0400E7B903 /* UIView+Additions.swift in Sources */ = {isa = PBXBuildFile; fileRef = A11CF60D2385BF0400E7B903 /* UIView+Additions.swift */; };
		A126557823576E2B00923C6C /* AppDelegate.swift in Sources */ = {isa = PBXBuildFile; fileRef = A126557723576E2B00923C6C /* AppDelegate.swift */; };
		A126557C23576E2B00923C6C /* ViewController.swift in Sources */ = {isa = PBXBuildFile; fileRef = A126557B23576E2B00923C6C /* ViewController.swift */; };
		A126558123576E3100923C6C /* Assets.xcassets in Resources */ = {isa = PBXBuildFile; fileRef = A126558023576E3100923C6C /* Assets.xcassets */; };
		A126558F23576E3100923C6C /* ForecastWeatherTests.swift in Sources */ = {isa = PBXBuildFile; fileRef = A126558E23576E3100923C6C /* ForecastWeatherTests.swift */; };
		A126559A23576F6500923C6C /* MainView.swift in Sources */ = {isa = PBXBuildFile; fileRef = A126559923576F6500923C6C /* MainView.swift */; };
		A126559C23576FA200923C6C /* WeatherForecastViewController.swift in Sources */ = {isa = PBXBuildFile; fileRef = A126559B23576FA200923C6C /* WeatherForecastViewController.swift */; };
		A126559E2357700100923C6C /* WeatherForecastView.swift in Sources */ = {isa = PBXBuildFile; fileRef = A126559D2357700100923C6C /* WeatherForecastView.swift */; };
		A12655A0235770F300923C6C /* CityModel.swift in Sources */ = {isa = PBXBuildFile; fileRef = A126559F235770F300923C6C /* CityModel.swift */; };
		A12655A22357711100923C6C /* CityCell.swift in Sources */ = {isa = PBXBuildFile; fileRef = A12655A12357711100923C6C /* CityCell.swift */; };
		A12655A42357723100923C6C /* WeatherForecastCell.swift in Sources */ = {isa = PBXBuildFile; fileRef = A12655A32357723100923C6C /* WeatherForecastCell.swift */; };
		A12655A62357727200923C6C /* ForecastModel.swift in Sources */ = {isa = PBXBuildFile; fileRef = A12655A52357727200923C6C /* ForecastModel.swift */; };
		A12655A82357730B00923C6C /* cityList.json in Resources */ = {isa = PBXBuildFile; fileRef = A12655A72357730B00923C6C /* cityList.json */; };
		A12655AC235773B000923C6C /* Default-568h@2x.png in Resources */ = {isa = PBXBuildFile; fileRef = A12655AB235773B000923C6C /* Default-568h@2x.png */; };
		A12A2612236745E5009C726B /* NetworkManager.swift in Sources */ = {isa = PBXBuildFile; fileRef = A12A2611236745E5009C726B /* NetworkManager.swift */; };
		A12B4DE9252B3CAE000ADF65 /* UILabel+Additions.swift in Sources */ = {isa = PBXBuildFile; fileRef = A12B4DE8252B3CAE000ADF65 /* UILabel+Additions.swift */; };
		A159F8E92373296A008D2A82 /* Colors.xcassets in Resources */ = {isa = PBXBuildFile; fileRef = A159F8E82373296A008D2A82 /* Colors.xcassets */; };
		A159F8EB237329BC008D2A82 /* ColorHelper.swift in Sources */ = {isa = PBXBuildFile; fileRef = A159F8EA237329BC008D2A82 /* ColorHelper.swift */; };
		A16525122385CEC2000E028E /* ParserService.swift in Sources */ = {isa = PBXBuildFile; fileRef = A16525112385CEC2000E028E /* ParserService.swift */; };
		A16525142385D245000E028E /* ConvertorHelper.swift in Sources */ = {isa = PBXBuildFile; fileRef = A16525132385D245000E028E /* ConvertorHelper.swift */; };
		A1B7AF17236B705B00A1B885 /* HourForecastViewLayout.swift in Sources */ = {isa = PBXBuildFile; fileRef = A1B7AF16236B705B00A1B885 /* HourForecastViewLayout.swift */; };
		A1D6CC0F2375BF9700DF80F3 /* Protocols.swift in Sources */ = {isa = PBXBuildFile; fileRef = A1D6CC0E2375BF9700DF80F3 /* Protocols.swift */; };
		A1EDE45F23608F52009C65FE /* VisualDescriptiveView.swift in Sources */ = {isa = PBXBuildFile; fileRef = A1EDE45E23608F52009C65FE /* VisualDescriptiveView.swift */; };
/* End PBXBuildFile section */

/* Begin PBXContainerItemProxy section */
		A126558B23576E3100923C6C /* PBXContainerItemProxy */ = {
			isa = PBXContainerItemProxy;
			containerPortal = A126556C23576E2B00923C6C /* Project object */;
			proxyType = 1;
			remoteGlobalIDString = A126557323576E2B00923C6C;
			remoteInfo = ForecastWeather;
		};
/* End PBXContainerItemProxy section */

/* Begin PBXFileReference section */
		A11CF60D2385BF0400E7B903 /* UIView+Additions.swift */ = {isa = PBXFileReference; lastKnownFileType = sourcecode.swift; path = "UIView+Additions.swift"; sourceTree = "<group>"; };
		A126557423576E2B00923C6C /* WeatherForecast.app */ = {isa = PBXFileReference; explicitFileType = wrapper.application; includeInIndex = 0; path = WeatherForecast.app; sourceTree = BUILT_PRODUCTS_DIR; };
		A126557723576E2B00923C6C /* AppDelegate.swift */ = {isa = PBXFileReference; lastKnownFileType = sourcecode.swift; path = AppDelegate.swift; sourceTree = "<group>"; };
		A126557B23576E2B00923C6C /* ViewController.swift */ = {isa = PBXFileReference; lastKnownFileType = sourcecode.swift; path = ViewController.swift; sourceTree = "<group>"; };
		A126558023576E3100923C6C /* Assets.xcassets */ = {isa = PBXFileReference; lastKnownFileType = folder.assetcatalog; path = Assets.xcassets; sourceTree = "<group>"; };
		A126558523576E3100923C6C /* Info.plist */ = {isa = PBXFileReference; lastKnownFileType = text.plist.xml; path = Info.plist; sourceTree = "<group>"; };
		A126558A23576E3100923C6C /* WeatherForecastTests.xctest */ = {isa = PBXFileReference; explicitFileType = wrapper.cfbundle; includeInIndex = 0; path = WeatherForecastTests.xctest; sourceTree = BUILT_PRODUCTS_DIR; };
		A126558E23576E3100923C6C /* ForecastWeatherTests.swift */ = {isa = PBXFileReference; lastKnownFileType = sourcecode.swift; path = ForecastWeatherTests.swift; sourceTree = "<group>"; };
		A126559023576E3100923C6C /* Info.plist */ = {isa = PBXFileReference; lastKnownFileType = text.plist.xml; path = Info.plist; sourceTree = "<group>"; };
		A126559923576F6500923C6C /* MainView.swift */ = {isa = PBXFileReference; lastKnownFileType = sourcecode.swift; path = MainView.swift; sourceTree = "<group>"; };
		A126559B23576FA200923C6C /* WeatherForecastViewController.swift */ = {isa = PBXFileReference; lastKnownFileType = sourcecode.swift; path = WeatherForecastViewController.swift; sourceTree = "<group>"; };
		A126559D2357700100923C6C /* WeatherForecastView.swift */ = {isa = PBXFileReference; lastKnownFileType = sourcecode.swift; path = WeatherForecastView.swift; sourceTree = "<group>"; };
		A126559F235770F300923C6C /* CityModel.swift */ = {isa = PBXFileReference; lastKnownFileType = sourcecode.swift; path = CityModel.swift; sourceTree = "<group>"; };
		A12655A12357711100923C6C /* CityCell.swift */ = {isa = PBXFileReference; lastKnownFileType = sourcecode.swift; path = CityCell.swift; sourceTree = "<group>"; };
		A12655A32357723100923C6C /* WeatherForecastCell.swift */ = {isa = PBXFileReference; lastKnownFileType = sourcecode.swift; path = WeatherForecastCell.swift; sourceTree = "<group>"; };
		A12655A52357727200923C6C /* ForecastModel.swift */ = {isa = PBXFileReference; lastKnownFileType = sourcecode.swift; path = ForecastModel.swift; sourceTree = "<group>"; };
		A12655A72357730B00923C6C /* cityList.json */ = {isa = PBXFileReference; fileEncoding = 4; lastKnownFileType = text.json; path = cityList.json; sourceTree = "<group>"; };
		A12655AB235773B000923C6C /* Default-568h@2x.png */ = {isa = PBXFileReference; lastKnownFileType = image.png; path = "Default-568h@2x.png"; sourceTree = "<group>"; };
		A12A2611236745E5009C726B /* NetworkManager.swift */ = {isa = PBXFileReference; lastKnownFileType = sourcecode.swift; path = NetworkManager.swift; sourceTree = "<group>"; };
		A12B4DE8252B3CAE000ADF65 /* UILabel+Additions.swift */ = {isa = PBXFileReference; lastKnownFileType = sourcecode.swift; path = "UILabel+Additions.swift"; sourceTree = "<group>"; };
		A159F8E82373296A008D2A82 /* Colors.xcassets */ = {isa = PBXFileReference; lastKnownFileType = folder.assetcatalog; path = Colors.xcassets; sourceTree = "<group>"; };
		A159F8EA237329BC008D2A82 /* ColorHelper.swift */ = {isa = PBXFileReference; lastKnownFileType = sourcecode.swift; path = ColorHelper.swift; sourceTree = "<group>"; };
		A16525112385CEC2000E028E /* ParserService.swift */ = {isa = PBXFileReference; lastKnownFileType = sourcecode.swift; path = ParserService.swift; sourceTree = "<group>"; };
		A16525132385D245000E028E /* ConvertorHelper.swift */ = {isa = PBXFileReference; lastKnownFileType = sourcecode.swift; path = ConvertorHelper.swift; sourceTree = "<group>"; };
		A1B7AF16236B705B00A1B885 /* HourForecastViewLayout.swift */ = {isa = PBXFileReference; lastKnownFileType = sourcecode.swift; path = HourForecastViewLayout.swift; sourceTree = "<group>"; };
		A1D6CC0E2375BF9700DF80F3 /* Protocols.swift */ = {isa = PBXFileReference; lastKnownFileType = sourcecode.swift; path = Protocols.swift; sourceTree = "<group>"; };
		A1EDE45E23608F52009C65FE /* VisualDescriptiveView.swift */ = {isa = PBXFileReference; lastKnownFileType = sourcecode.swift; path = VisualDescriptiveView.swift; sourceTree = "<group>"; };
/* End PBXFileReference section */

/* Begin PBXFrameworksBuildPhase section */
		A126557123576E2B00923C6C /* Frameworks */ = {
			isa = PBXFrameworksBuildPhase;
			buildActionMask = 2147483647;
			files = (
			);
			runOnlyForDeploymentPostprocessing = 0;
		};
		A126558723576E3100923C6C /* Frameworks */ = {
			isa = PBXFrameworksBuildPhase;
			buildActionMask = 2147483647;
			files = (
			);
			runOnlyForDeploymentPostprocessing = 0;
		};
/* End PBXFrameworksBuildPhase section */

/* Begin PBXGroup section */
		A11CF60C2385BEF700E7B903 /* Extensions */ = {
			isa = PBXGroup;
			children = (
				A11CF60D2385BF0400E7B903 /* UIView+Additions.swift */,
				A12B4DE8252B3CAE000ADF65 /* UILabel+Additions.swift */,
			);
			path = Extensions;
			sourceTree = "<group>";
		};
		A11CF6242385CD4F00E7B903 /* Scene */ = {
			isa = PBXGroup;
			children = (
				A11CF6252385CD5E00E7B903 /* ForecastList */,
				A11CF6262385CD7900E7B903 /* ForecastDetails */,
			);
			path = Scene;
			sourceTree = "<group>";
		};
		A11CF6252385CD5E00E7B903 /* ForecastList */ = {
			isa = PBXGroup;
			children = (
				A126559923576F6500923C6C /* MainView.swift */,
				A126557B23576E2B00923C6C /* ViewController.swift */,
				A126559F235770F300923C6C /* CityModel.swift */,
				A12655A12357711100923C6C /* CityCell.swift */,
			);
			path = ForecastList;
			sourceTree = "<group>";
		};
		A11CF6262385CD7900E7B903 /* ForecastDetails */ = {
			isa = PBXGroup;
			children = (
				A12655A52357727200923C6C /* ForecastModel.swift */,
				A126559B23576FA200923C6C /* WeatherForecastViewController.swift */,
				A126559D2357700100923C6C /* WeatherForecastView.swift */,
				A12655A32357723100923C6C /* WeatherForecastCell.swift */,
			);
			path = ForecastDetails;
			sourceTree = "<group>";
		};
		A11CF6272385CD9700E7B903 /* Services */ = {
			isa = PBXGroup;
			children = (
				A12A2611236745E5009C726B /* NetworkManager.swift */,
				A16525112385CEC2000E028E /* ParserService.swift */,
			);
			path = Services;
			sourceTree = "<group>";
		};
		A11CF6292385CDA700E7B903 /* Helpers */ = {
			isa = PBXGroup;
			children = (
				A159F8EA237329BC008D2A82 /* ColorHelper.swift */,
				A16525132385D245000E028E /* ConvertorHelper.swift */,
			);
			path = Helpers;
			sourceTree = "<group>";
		};
		A11CF62A2385CDAE00E7B903 /* Resources */ = {
			isa = PBXGroup;
			children = (
				A12655A72357730B00923C6C /* cityList.json */,
				A126558023576E3100923C6C /* Assets.xcassets */,
				A159F8E82373296A008D2A82 /* Colors.xcassets */,
			);
			path = Resources;
			sourceTree = "<group>";
		};
		A11CF62B2385CDC800E7B903 /* Infrastructure */ = {
			isa = PBXGroup;
			children = (
				A126557723576E2B00923C6C /* AppDelegate.swift */,
				A126558523576E3100923C6C /* Info.plist */,
			);
			path = Infrastructure;
			sourceTree = "<group>";
		};
		A126556B23576E2B00923C6C = {
			isa = PBXGroup;
			children = (
				A12655AB235773B000923C6C /* Default-568h@2x.png */,
				A126557623576E2B00923C6C /* WeatherForecast */,
				A126558D23576E3100923C6C /* WeatherForecastTests */,
				A126557523576E2B00923C6C /* Products */,
			);
			sourceTree = "<group>";
		};
		A126557523576E2B00923C6C /* Products */ = {
			isa = PBXGroup;
			children = (
				A126557423576E2B00923C6C /* WeatherForecast.app */,
				A126558A23576E3100923C6C /* WeatherForecastTests.xctest */,
			);
			name = Products;
			sourceTree = "<group>";
		};
		A126557623576E2B00923C6C /* WeatherForecast */ = {
			isa = PBXGroup;
			children = (
				A11CF6242385CD4F00E7B903 /* Scene */,
				A1B7AF15236B703B00A1B885 /* Layouts */,
				A1EDE45D23608EDF009C65FE /* CustomViews */,
				A1D6CC0D2375BF7D00DF80F3 /* Protocols */,
				A11CF62B2385CDC800E7B903 /* Infrastructure */,
				A11CF6272385CD9700E7B903 /* Services */,
				A11CF60C2385BEF700E7B903 /* Extensions */,
				A11CF6292385CDA700E7B903 /* Helpers */,
				A11CF62A2385CDAE00E7B903 /* Resources */,
			);
			path = WeatherForecast;
			sourceTree = "<group>";
		};
		A126558D23576E3100923C6C /* WeatherForecastTests */ = {
			isa = PBXGroup;
			children = (
				A126558E23576E3100923C6C /* ForecastWeatherTests.swift */,
				A126559023576E3100923C6C /* Info.plist */,
			);
			path = WeatherForecastTests;
			sourceTree = "<group>";
		};
		A1B7AF15236B703B00A1B885 /* Layouts */ = {
			isa = PBXGroup;
			children = (
				A1B7AF16236B705B00A1B885 /* HourForecastViewLayout.swift */,
			);
			path = Layouts;
			sourceTree = "<group>";
		};
		A1D6CC0D2375BF7D00DF80F3 /* Protocols */ = {
			isa = PBXGroup;
			children = (
				A1D6CC0E2375BF9700DF80F3 /* Protocols.swift */,
			);
			path = Protocols;
			sourceTree = "<group>";
		};
		A1EDE45D23608EDF009C65FE /* CustomViews */ = {
			isa = PBXGroup;
			children = (
				A1EDE45E23608F52009C65FE /* VisualDescriptiveView.swift */,
			);
			path = CustomViews;
			sourceTree = "<group>";
		};
/* End PBXGroup section */

/* Begin PBXNativeTarget section */
		A126557323576E2B00923C6C /* WeatherForecast */ = {
			isa = PBXNativeTarget;
			buildConfigurationList = A126559323576E3100923C6C /* Build configuration list for PBXNativeTarget "WeatherForecast" */;
			buildPhases = (
				A126557023576E2B00923C6C /* Sources */,
				A126557123576E2B00923C6C /* Frameworks */,
				A126557223576E2B00923C6C /* Resources */,
			);
			buildRules = (
			);
			dependencies = (
			);
			name = WeatherForecast;
			productName = ForecastWeather;
			productReference = A126557423576E2B00923C6C /* WeatherForecast.app */;
			productType = "com.apple.product-type.application";
		};
		A126558923576E3100923C6C /* WeatherForecastTests */ = {
			isa = PBXNativeTarget;
			buildConfigurationList = A126559623576E3100923C6C /* Build configuration list for PBXNativeTarget "WeatherForecastTests" */;
			buildPhases = (
				A126558623576E3100923C6C /* Sources */,
				A126558723576E3100923C6C /* Frameworks */,
				A126558823576E3100923C6C /* Resources */,
			);
			buildRules = (
			);
			dependencies = (
				A126558C23576E3100923C6C /* PBXTargetDependency */,
			);
			name = WeatherForecastTests;
			productName = ForecastWeatherTests;
			productReference = A126558A23576E3100923C6C /* WeatherForecastTests.xctest */;
			productType = "com.apple.product-type.bundle.unit-test";
		};
/* End PBXNativeTarget section */

/* Begin PBXProject section */
		A126556C23576E2B00923C6C /* Project object */ = {
			isa = PBXProject;
			attributes = {
				LastSwiftUpdateCheck = 1110;
				LastUpgradeCheck = 1110;
				ORGANIZATIONNAME = Ana;
				TargetAttributes = {
					A126557323576E2B00923C6C = {
						CreatedOnToolsVersion = 11.1;
					};
					A126558923576E3100923C6C = {
						CreatedOnToolsVersion = 11.1;
						TestTargetID = A126557323576E2B00923C6C;
					};
				};
			};
			buildConfigurationList = A126556F23576E2B00923C6C /* Build configuration list for PBXProject "WeatherForecast" */;
			compatibilityVersion = "Xcode 9.3";
			developmentRegion = en;
			hasScannedForEncodings = 0;
			knownRegions = (
				en,
				Base,
			);
			mainGroup = A126556B23576E2B00923C6C;
			productRefGroup = A126557523576E2B00923C6C /* Products */;
			projectDirPath = "";
			projectRoot = "";
			targets = (
				A126557323576E2B00923C6C /* WeatherForecast */,
				A126558923576E3100923C6C /* WeatherForecastTests */,
			);
		};
/* End PBXProject section */

/* Begin PBXResourcesBuildPhase section */
		A126557223576E2B00923C6C /* Resources */ = {
			isa = PBXResourcesBuildPhase;
			buildActionMask = 2147483647;
			files = (
				A159F8E92373296A008D2A82 /* Colors.xcassets in Resources */,
				A12655A82357730B00923C6C /* cityList.json in Resources */,
				A12655AC235773B000923C6C /* Default-568h@2x.png in Resources */,
				A126558123576E3100923C6C /* Assets.xcassets in Resources */,
			);
			runOnlyForDeploymentPostprocessing = 0;
		};
		A126558823576E3100923C6C /* Resources */ = {
			isa = PBXResourcesBuildPhase;
			buildActionMask = 2147483647;
			files = (
			);
			runOnlyForDeploymentPostprocessing = 0;
		};
/* End PBXResourcesBuildPhase section */

/* Begin PBXSourcesBuildPhase section */
		A126557023576E2B00923C6C /* Sources */ = {
			isa = PBXSourcesBuildPhase;
			buildActionMask = 2147483647;
			files = (
				A11CF60E2385BF0400E7B903 /* UIView+Additions.swift in Sources */,
				A126557C23576E2B00923C6C /* ViewController.swift in Sources */,
				A126559A23576F6500923C6C /* MainView.swift in Sources */,
				A12655A22357711100923C6C /* CityCell.swift in Sources */,
				A12B4DE9252B3CAE000ADF65 /* UILabel+Additions.swift in Sources */,
				A16525122385CEC2000E028E /* ParserService.swift in Sources */,
				A1EDE45F23608F52009C65FE /* VisualDescriptiveView.swift in Sources */,
				A12A2612236745E5009C726B /* NetworkManager.swift in Sources */,
				A126557823576E2B00923C6C /* AppDelegate.swift in Sources */,
				A12655A62357727200923C6C /* ForecastModel.swift in Sources */,
				A126559C23576FA200923C6C /* WeatherForecastViewController.swift in Sources */,
				A12655A42357723100923C6C /* WeatherForecastCell.swift in Sources */,
				A1D6CC0F2375BF9700DF80F3 /* Protocols.swift in Sources */,
				A159F8EB237329BC008D2A82 /* ColorHelper.swift in Sources */,
				A1B7AF17236B705B00A1B885 /* HourForecastViewLayout.swift in Sources */,
				A16525142385D245000E028E /* ConvertorHelper.swift in Sources */,
				A126559E2357700100923C6C /* WeatherForecastView.swift in Sources */,
				A12655A0235770F300923C6C /* CityModel.swift in Sources */,
			);
			runOnlyForDeploymentPostprocessing = 0;
		};
		A126558623576E3100923C6C /* Sources */ = {
			isa = PBXSourcesBuildPhase;
			buildActionMask = 2147483647;
			files = (
				A126558F23576E3100923C6C /* ForecastWeatherTests.swift in Sources */,
			);
			runOnlyForDeploymentPostprocessing = 0;
		};
/* End PBXSourcesBuildPhase section */

/* Begin PBXTargetDependency section */
		A126558C23576E3100923C6C /* PBXTargetDependency */ = {
			isa = PBXTargetDependency;
			target = A126557323576E2B00923C6C /* WeatherForecast */;
			targetProxy = A126558B23576E3100923C6C /* PBXContainerItemProxy */;
		};
/* End PBXTargetDependency section */

/* Begin XCBuildConfiguration section */
		A126559123576E3100923C6C /* Debug */ = {
			isa = XCBuildConfiguration;
			buildSettings = {
				ALWAYS_SEARCH_USER_PATHS = NO;
				CLANG_ANALYZER_NONNULL = YES;
				CLANG_ANALYZER_NUMBER_OBJECT_CONVERSION = YES_AGGRESSIVE;
				CLANG_CXX_LANGUAGE_STANDARD = "gnu++14";
				CLANG_CXX_LIBRARY = "libc++";
				CLANG_ENABLE_MODULES = YES;
				CLANG_ENABLE_OBJC_ARC = YES;
				CLANG_ENABLE_OBJC_WEAK = YES;
				CLANG_WARN_BLOCK_CAPTURE_AUTORELEASING = YES;
				CLANG_WARN_BOOL_CONVERSION = YES;
				CLANG_WARN_COMMA = YES;
				CLANG_WARN_CONSTANT_CONVERSION = YES;
				CLANG_WARN_DEPRECATED_OBJC_IMPLEMENTATIONS = YES;
				CLANG_WARN_DIRECT_OBJC_ISA_USAGE = YES_ERROR;
				CLANG_WARN_DOCUMENTATION_COMMENTS = YES;
				CLANG_WARN_EMPTY_BODY = YES;
				CLANG_WARN_ENUM_CONVERSION = YES;
				CLANG_WARN_INFINITE_RECURSION = YES;
				CLANG_WARN_INT_CONVERSION = YES;
				CLANG_WARN_NON_LITERAL_NULL_CONVERSION = YES;
				CLANG_WARN_OBJC_IMPLICIT_RETAIN_SELF = YES;
				CLANG_WARN_OBJC_LITERAL_CONVERSION = YES;
				CLANG_WARN_OBJC_ROOT_CLASS = YES_ERROR;
				CLANG_WARN_RANGE_LOOP_ANALYSIS = YES;
				CLANG_WARN_STRICT_PROTOTYPES = YES;
				CLANG_WARN_SUSPICIOUS_MOVE = YES;
				CLANG_WARN_UNGUARDED_AVAILABILITY = YES_AGGRESSIVE;
				CLANG_WARN_UNREACHABLE_CODE = YES;
				CLANG_WARN__DUPLICATE_METHOD_MATCH = YES;
				COPY_PHASE_STRIP = NO;
				DEBUG_INFORMATION_FORMAT = dwarf;
				ENABLE_STRICT_OBJC_MSGSEND = YES;
				ENABLE_TESTABILITY = YES;
				GCC_C_LANGUAGE_STANDARD = gnu11;
				GCC_DYNAMIC_NO_PIC = NO;
				GCC_NO_COMMON_BLOCKS = YES;
				GCC_OPTIMIZATION_LEVEL = 0;
				GCC_PREPROCESSOR_DEFINITIONS = (
					"DEBUG=1",
					"$(inherited)",
				);
				GCC_WARN_64_TO_32_BIT_CONVERSION = YES;
				GCC_WARN_ABOUT_RETURN_TYPE = YES_ERROR;
				GCC_WARN_UNDECLARED_SELECTOR = YES;
				GCC_WARN_UNINITIALIZED_AUTOS = YES_AGGRESSIVE;
				GCC_WARN_UNUSED_FUNCTION = YES;
				GCC_WARN_UNUSED_VARIABLE = YES;
				IPHONEOS_DEPLOYMENT_TARGET = 13.1;
				MTL_ENABLE_DEBUG_INFO = INCLUDE_SOURCE;
				MTL_FAST_MATH = YES;
				ONLY_ACTIVE_ARCH = YES;
				SDKROOT = iphoneos;
				SWIFT_ACTIVE_COMPILATION_CONDITIONS = DEBUG;
				SWIFT_OPTIMIZATION_LEVEL = "-Onone";
			};
			name = Debug;
		};
		A126559223576E3100923C6C /* Release */ = {
			isa = XCBuildConfiguration;
			buildSettings = {
				ALWAYS_SEARCH_USER_PATHS = NO;
				CLANG_ANALYZER_NONNULL = YES;
				CLANG_ANALYZER_NUMBER_OBJECT_CONVERSION = YES_AGGRESSIVE;
				CLANG_CXX_LANGUAGE_STANDARD = "gnu++14";
				CLANG_CXX_LIBRARY = "libc++";
				CLANG_ENABLE_MODULES = YES;
				CLANG_ENABLE_OBJC_ARC = YES;
				CLANG_ENABLE_OBJC_WEAK = YES;
				CLANG_WARN_BLOCK_CAPTURE_AUTORELEASING = YES;
				CLANG_WARN_BOOL_CONVERSION = YES;
				CLANG_WARN_COMMA = YES;
				CLANG_WARN_CONSTANT_CONVERSION = YES;
				CLANG_WARN_DEPRECATED_OBJC_IMPLEMENTATIONS = YES;
				CLANG_WARN_DIRECT_OBJC_ISA_USAGE = YES_ERROR;
				CLANG_WARN_DOCUMENTATION_COMMENTS = YES;
				CLANG_WARN_EMPTY_BODY = YES;
				CLANG_WARN_ENUM_CONVERSION = YES;
				CLANG_WARN_INFINITE_RECURSION = YES;
				CLANG_WARN_INT_CONVERSION = YES;
				CLANG_WARN_NON_LITERAL_NULL_CONVERSION = YES;
				CLANG_WARN_OBJC_IMPLICIT_RETAIN_SELF = YES;
				CLANG_WARN_OBJC_LITERAL_CONVERSION = YES;
				CLANG_WARN_OBJC_ROOT_CLASS = YES_ERROR;
				CLANG_WARN_RANGE_LOOP_ANALYSIS = YES;
				CLANG_WARN_STRICT_PROTOTYPES = YES;
				CLANG_WARN_SUSPICIOUS_MOVE = YES;
				CLANG_WARN_UNGUARDED_AVAILABILITY = YES_AGGRESSIVE;
				CLANG_WARN_UNREACHABLE_CODE = YES;
				CLANG_WARN__DUPLICATE_METHOD_MATCH = YES;
				COPY_PHASE_STRIP = NO;
				DEBUG_INFORMATION_FORMAT = "dwarf-with-dsym";
				ENABLE_NS_ASSERTIONS = NO;
				ENABLE_STRICT_OBJC_MSGSEND = YES;
				GCC_C_LANGUAGE_STANDARD = gnu11;
				GCC_NO_COMMON_BLOCKS = YES;
				GCC_WARN_64_TO_32_BIT_CONVERSION = YES;
				GCC_WARN_ABOUT_RETURN_TYPE = YES_ERROR;
				GCC_WARN_UNDECLARED_SELECTOR = YES;
				GCC_WARN_UNINITIALIZED_AUTOS = YES_AGGRESSIVE;
				GCC_WARN_UNUSED_FUNCTION = YES;
				GCC_WARN_UNUSED_VARIABLE = YES;
				IPHONEOS_DEPLOYMENT_TARGET = 13.1;
				MTL_ENABLE_DEBUG_INFO = NO;
				MTL_FAST_MATH = YES;
				SDKROOT = iphoneos;
				SWIFT_COMPILATION_MODE = wholemodule;
				SWIFT_OPTIMIZATION_LEVEL = "-O";
				VALIDATE_PRODUCT = YES;
			};
			name = Release;
		};
		A126559423576E3100923C6C /* Debug */ = {
			isa = XCBuildConfiguration;
			buildSettings = {
				ASSETCATALOG_COMPILER_APPICON_NAME = AppIcon;
				CODE_SIGN_STYLE = Automatic;
				INFOPLIST_FILE = WeatherForecast/Infrastructure/Info.plist;
				IPHONEOS_DEPLOYMENT_TARGET = 12.0;
				LD_RUNPATH_SEARCH_PATHS = (
					"$(inherited)",
					"@executable_path/Frameworks",
				);
				PRODUCT_BUNDLE_IDENTIFIER = com.AnaPopilian.ForecastWeather;
				PRODUCT_NAME = WeatherForecast;
				SWIFT_VERSION = 5.0;
				TARGETED_DEVICE_FAMILY = 1;
			};
			name = Debug;
		};
		A126559523576E3100923C6C /* Release */ = {
			isa = XCBuildConfiguration;
			buildSettings = {
				ASSETCATALOG_COMPILER_APPICON_NAME = AppIcon;
				CODE_SIGN_STYLE = Automatic;
				INFOPLIST_FILE = WeatherForecast/Infrastructure/Info.plist;
				IPHONEOS_DEPLOYMENT_TARGET = 12.0;
				LD_RUNPATH_SEARCH_PATHS = (
					"$(inherited)",
					"@executable_path/Frameworks",
				);
				PRODUCT_BUNDLE_IDENTIFIER = com.AnaPopilian.ForecastWeather;
				PRODUCT_NAME = WeatherForecast;
				SWIFT_VERSION = 5.0;
				TARGETED_DEVICE_FAMILY = 1;
			};
			name = Release;
		};
		A126559723576E3100923C6C /* Debug */ = {
			isa = XCBuildConfiguration;
			buildSettings = {
				ALWAYS_EMBED_SWIFT_STANDARD_LIBRARIES = YES;
				BUNDLE_LOADER = "$(TEST_HOST)";
				CODE_SIGN_STYLE = Automatic;
				INFOPLIST_FILE = WeatherForecastTests/Info.plist;
				IPHONEOS_DEPLOYMENT_TARGET = 13.1;
				LD_RUNPATH_SEARCH_PATHS = (
					"$(inherited)",
					"@executable_path/Frameworks",
					"@loader_path/Frameworks",
				);
				PRODUCT_BUNDLE_IDENTIFIER = com.AnaPopilian.ForecastWeatherTests;
				PRODUCT_NAME = "$(TARGET_NAME)";
				SWIFT_VERSION = 5.0;
				TARGETED_DEVICE_FAMILY = "1,2";
				TEST_HOST = "$(BUILT_PRODUCTS_DIR)/WeatherForecast.app/WeatherForecast";
			};
			name = Debug;
		};
		A126559823576E3100923C6C /* Release */ = {
			isa = XCBuildConfiguration;
			buildSettings = {
				ALWAYS_EMBED_SWIFT_STANDARD_LIBRARIES = YES;
				BUNDLE_LOADER = "$(TEST_HOST)";
				CODE_SIGN_STYLE = Automatic;
				INFOPLIST_FILE = WeatherForecastTests/Info.plist;
				IPHONEOS_DEPLOYMENT_TARGET = 13.1;
				LD_RUNPATH_SEARCH_PATHS = (
					"$(inherited)",
					"@executable_path/Frameworks",
					"@loader_path/Frameworks",
				);
				PRODUCT_BUNDLE_IDENTIFIER = com.AnaPopilian.ForecastWeatherTests;
				PRODUCT_NAME = "$(TARGET_NAME)";
				SWIFT_VERSION = 5.0;
				TARGETED_DEVICE_FAMILY = "1,2";
				TEST_HOST = "$(BUILT_PRODUCTS_DIR)/WeatherForecast.app/WeatherForecast";
			};
			name = Release;
		};
/* End XCBuildConfiguration section */

/* Begin XCConfigurationList section */
		A126556F23576E2B00923C6C /* Build configuration list for PBXProject "WeatherForecast" */ = {
			isa = XCConfigurationList;
			buildConfigurations = (
				A126559123576E3100923C6C /* Debug */,
				A126559223576E3100923C6C /* Release */,
			);
			defaultConfigurationIsVisible = 0;
			defaultConfigurationName = Release;
		};
		A126559323576E3100923C6C /* Build configuration list for PBXNativeTarget "WeatherForecast" */ = {
			isa = XCConfigurationList;
			buildConfigurations = (
				A126559423576E3100923C6C /* Debug */,
				A126559523576E3100923C6C /* Release */,
			);
			defaultConfigurationIsVisible = 0;
			defaultConfigurationName = Release;
		};
		A126559623576E3100923C6C /* Build configuration list for PBXNativeTarget "WeatherForecastTests" */ = {
			isa = XCConfigurationList;
			buildConfigurations = (
				A126559723576E3100923C6C /* Debug */,
				A126559823576E3100923C6C /* Release */,
			);
			defaultConfigurationIsVisible = 0;
			defaultConfigurationName = Release;
		};
/* End XCConfigurationList section */
	};
	rootObject = A126556C23576E2B00923C6C /* Project object */;
}
